{
  "name": "crypto-search",
  "version": "1.0.0",
  "lockfileVersion": 1,
  "requires": true,
  "dependencies": {
    "fs": {
      "version": "0.0.1-security",
      "resolved": "https://registry.npmjs.org/fs/-/fs-0.0.1-security.tgz",
      "integrity": "sha1-invTcYa23d84E/I4WLV+yq9eQdQ="
    },
    "hasharray": {
      "version": "1.1.1",
      "resolved": "https://registry.npmjs.org/hasharray/-/hasharray-1.1.1.tgz",
      "integrity": "sha512-L+WTUz5XcfQyh3652tOEDLL5ZG6MAS+iYqM2K0N9H/z7RpW0rjlFkXLRdqbwqrGCr9korJzyfDD7i7mtwo42wg==",
      "requires": {
        "jclass": "^1.0.1"
      }
    },
    "jclass": {
      "version": "1.2.1",
      "resolved": "https://registry.npmjs.org/jclass/-/jclass-1.2.1.tgz",
      "integrity": "sha1-6q/uwN1qW/iz6kPATgEMY3Y4dos="
    },
    "trie-search": {
      "version": "1.2.7",
      "resolved": "https://registry.npmjs.org/trie-search/-/trie-search-1.2.7.tgz",
      "integrity": "sha512-gfGv9Nbh4a9kdK5YhwV7GE6iVYhGNL8B0ByTVttgfWkatAwDnJjzs3hf95kYMZWyyBi1IxzGGgyyBHLZXWWiDg==",
      "requires": {
        "hasharray": "^1.1.1"
      }
    }
  }
}
